// !$*UTF8*$!
{
	archiveVersion = 1;
	classes = {
	};
	objectVersion = 55;
	objects = {

/* Begin PBXBuildFile section */
		D9B8EFC127585F4100FE9905 /* AppDelegate.swift in Sources */ = {isa = PBXBuildFile; fileRef = D9B8EFC027585F4100FE9905 /* AppDelegate.swift */; };
		D9B8EFC327585F4100FE9905 /* SceneDelegate.swift in Sources */ = {isa = PBXBuildFile; fileRef = D9B8EFC227585F4100FE9905 /* SceneDelegate.swift */; };
		D9B8EFC827585F4100FE9905 /* Main.storyboard in Resources */ = {isa = PBXBuildFile; fileRef = D9B8EFC627585F4100FE9905 /* Main.storyboard */; };
		D9B8EFCB27585F4100FE9905 /* SurpriseMeal.xcdatamodeld in Sources */ = {isa = PBXBuildFile; fileRef = D9B8EFC927585F4100FE9905 /* SurpriseMeal.xcdatamodeld */; };
		D9B8EFCD27585F4200FE9905 /* Assets.xcassets in Resources */ = {isa = PBXBuildFile; fileRef = D9B8EFCC27585F4200FE9905 /* Assets.xcassets */; };
		D9B8EFD027585F4200FE9905 /* LaunchScreen.storyboard in Resources */ = {isa = PBXBuildFile; fileRef = D9B8EFCE27585F4200FE9905 /* LaunchScreen.storyboard */; };
		D9B8EFDB27585F4200FE9905 /* SurpriseMealTests.swift in Sources */ = {isa = PBXBuildFile; fileRef = D9B8EFDA27585F4200FE9905 /* SurpriseMealTests.swift */; };
		D9B8EFE527585F4200FE9905 /* SurpriseMealUITests.swift in Sources */ = {isa = PBXBuildFile; fileRef = D9B8EFE427585F4200FE9905 /* SurpriseMealUITests.swift */; };
		D9B8EFE727585F4200FE9905 /* SurpriseMealUITestsLaunchTests.swift in Sources */ = {isa = PBXBuildFile; fileRef = D9B8EFE627585F4200FE9905 /* SurpriseMealUITestsLaunchTests.swift */; };
		D9B8EFF42758602A00FE9905 /* RestaurantTableViewController.swift in Sources */ = {isa = PBXBuildFile; fileRef = D9B8EFF32758602A00FE9905 /* RestaurantTableViewController.swift */; };
		D9B8EFF6275860D500FE9905 /* AddRestaurantViewController.swift in Sources */ = {isa = PBXBuildFile; fileRef = D9B8EFF5275860D500FE9905 /* AddRestaurantViewController.swift */; };
		D9B8EFF8275861CC00FE9905 /* SurpriseViewController.swift in Sources */ = {isa = PBXBuildFile; fileRef = D9B8EFF7275861CC00FE9905 /* SurpriseViewController.swift */; };
		D9B8EFFA2758638100FE9905 /* SummaryViewController.swift in Sources */ = {isa = PBXBuildFile; fileRef = D9B8EFF92758638100FE9905 /* SummaryViewController.swift */; };
		D9B8EFFC2758642600FE9905 /* Restaurant.swift in Sources */ = {isa = PBXBuildFile; fileRef = D9B8EFFB2758642600FE9905 /* Restaurant.swift */; };
		D9B8EFFE2758644700FE9905 /* RestaurantsController.swift in Sources */ = {isa = PBXBuildFile; fileRef = D9B8EFFD2758644700FE9905 /* RestaurantsController.swift */; };
/* End PBXBuildFile section */

/* Begin PBXContainerItemProxy section */
		D9B8EFD727585F4200FE9905 /* PBXContainerItemProxy */ = {
			isa = PBXContainerItemProxy;
			containerPortal = D9B8EFB527585F4100FE9905 /* Project object */;
			proxyType = 1;
			remoteGlobalIDString = D9B8EFBC27585F4100FE9905;
			remoteInfo = SurpriseMeal;
		};
		D9B8EFE127585F4200FE9905 /* PBXContainerItemProxy */ = {
			isa = PBXContainerItemProxy;
			containerPortal = D9B8EFB527585F4100FE9905 /* Project object */;
			proxyType = 1;
			remoteGlobalIDString = D9B8EFBC27585F4100FE9905;
			remoteInfo = SurpriseMeal;
		};
/* End PBXContainerItemProxy section */

/* Begin PBXFileReference section */
		D9B8EFBD27585F4100FE9905 /* SurpriseMeal.app */ = {isa = PBXFileReference; explicitFileType = wrapper.application; includeInIndex = 0; path = SurpriseMeal.app; sourceTree = BUILT_PRODUCTS_DIR; };
		D9B8EFC027585F4100FE9905 /* AppDelegate.swift */ = {isa = PBXFileReference; lastKnownFileType = sourcecode.swift; path = AppDelegate.swift; sourceTree = "<group>"; };
		D9B8EFC227585F4100FE9905 /* SceneDelegate.swift */ = {isa = PBXFileReference; lastKnownFileType = sourcecode.swift; path = SceneDelegate.swift; sourceTree = "<group>"; };
		D9B8EFC727585F4100FE9905 /* Base */ = {isa = PBXFileReference; lastKnownFileType = file.storyboard; name = Base; path = Base.lproj/Main.storyboard; sourceTree = "<group>"; };
		D9B8EFCA27585F4100FE9905 /* SurpriseMeal.xcdatamodel */ = {isa = PBXFileReference; lastKnownFileType = wrapper.xcdatamodel; path = SurpriseMeal.xcdatamodel; sourceTree = "<group>"; };
		D9B8EFCC27585F4200FE9905 /* Assets.xcassets */ = {isa = PBXFileReference; lastKnownFileType = folder.assetcatalog; path = Assets.xcassets; sourceTree = "<group>"; };
		D9B8EFCF27585F4200FE9905 /* Base */ = {isa = PBXFileReference; lastKnownFileType = file.storyboard; name = Base; path = Base.lproj/LaunchScreen.storyboard; sourceTree = "<group>"; };
		D9B8EFD127585F4200FE9905 /* Info.plist */ = {isa = PBXFileReference; lastKnownFileType = text.plist.xml; path = Info.plist; sourceTree = "<group>"; };
		D9B8EFD627585F4200FE9905 /* SurpriseMealTests.xctest */ = {isa = PBXFileReference; explicitFileType = wrapper.cfbundle; includeInIndex = 0; path = SurpriseMealTests.xctest; sourceTree = BUILT_PRODUCTS_DIR; };
		D9B8EFDA27585F4200FE9905 /* SurpriseMealTests.swift */ = {isa = PBXFileReference; lastKnownFileType = sourcecode.swift; path = SurpriseMealTests.swift; sourceTree = "<group>"; };
		D9B8EFE027585F4200FE9905 /* SurpriseMealUITests.xctest */ = {isa = PBXFileReference; explicitFileType = wrapper.cfbundle; includeInIndex = 0; path = SurpriseMealUITests.xctest; sourceTree = BUILT_PRODUCTS_DIR; };
		D9B8EFE427585F4200FE9905 /* SurpriseMealUITests.swift */ = {isa = PBXFileReference; lastKnownFileType = sourcecode.swift; path = SurpriseMealUITests.swift; sourceTree = "<group>"; };
		D9B8EFE627585F4200FE9905 /* SurpriseMealUITestsLaunchTests.swift */ = {isa = PBXFileReference; lastKnownFileType = sourcecode.swift; path = SurpriseMealUITestsLaunchTests.swift; sourceTree = "<group>"; };
		D9B8EFF32758602A00FE9905 /* RestaurantTableViewController.swift */ = {isa = PBXFileReference; lastKnownFileType = sourcecode.swift; path = RestaurantTableViewController.swift; sourceTree = "<group>"; };
		D9B8EFF5275860D500FE9905 /* AddRestaurantViewController.swift */ = {isa = PBXFileReference; lastKnownFileType = sourcecode.swift; path = AddRestaurantViewController.swift; sourceTree = "<group>"; };
		D9B8EFF7275861CC00FE9905 /* SurpriseViewController.swift */ = {isa = PBXFileReference; lastKnownFileType = sourcecode.swift; path = SurpriseViewController.swift; sourceTree = "<group>"; };
		D9B8EFF92758638100FE9905 /* SummaryViewController.swift */ = {isa = PBXFileReference; lastKnownFileType = sourcecode.swift; path = SummaryViewController.swift; sourceTree = "<group>"; };
		D9B8EFFB2758642600FE9905 /* Restaurant.swift */ = {isa = PBXFileReference; lastKnownFileType = sourcecode.swift; path = Restaurant.swift; sourceTree = "<group>"; };
		D9B8EFFD2758644700FE9905 /* RestaurantsController.swift */ = {isa = PBXFileReference; lastKnownFileType = sourcecode.swift; path = RestaurantsController.swift; sourceTree = "<group>"; };
/* End PBXFileReference section */

/* Begin PBXFrameworksBuildPhase section */
		D9B8EFBA27585F4100FE9905 /* Frameworks */ = {
			isa = PBXFrameworksBuildPhase;
			buildActionMask = 2147483647;
			files = (
			);
			runOnlyForDeploymentPostprocessing = 0;
		};
		D9B8EFD327585F4200FE9905 /* Frameworks */ = {
			isa = PBXFrameworksBuildPhase;
			buildActionMask = 2147483647;
			files = (
			);
			runOnlyForDeploymentPostprocessing = 0;
		};
		D9B8EFDD27585F4200FE9905 /* Frameworks */ = {
			isa = PBXFrameworksBuildPhase;
			buildActionMask = 2147483647;
			files = (
			);
			runOnlyForDeploymentPostprocessing = 0;
		};
/* End PBXFrameworksBuildPhase section */

/* Begin PBXGroup section */
		D9B8EFB427585F4100FE9905 = {
			isa = PBXGroup;
			children = (
				D9B8EFBF27585F4100FE9905 /* SurpriseMeal */,
				D9B8EFD927585F4200FE9905 /* SurpriseMealTests */,
				D9B8EFE327585F4200FE9905 /* SurpriseMealUITests */,
				D9B8EFBE27585F4100FE9905 /* Products */,
			);
			sourceTree = "<group>";
		};
		D9B8EFBE27585F4100FE9905 /* Products */ = {
			isa = PBXGroup;
			children = (
				D9B8EFBD27585F4100FE9905 /* SurpriseMeal.app */,
				D9B8EFD627585F4200FE9905 /* SurpriseMealTests.xctest */,
				D9B8EFE027585F4200FE9905 /* SurpriseMealUITests.xctest */,
			);
			name = Products;
			sourceTree = "<group>";
		};
		D9B8EFBF27585F4100FE9905 /* SurpriseMeal */ = {
			isa = PBXGroup;
			children = (
				D9B8EFC027585F4100FE9905 /* AppDelegate.swift */,
				D9B8EFC227585F4100FE9905 /* SceneDelegate.swift */,
				D9B8EFC627585F4100FE9905 /* Main.storyboard */,
				D9B8EFCC27585F4200FE9905 /* Assets.xcassets */,
				D9B8EFCE27585F4200FE9905 /* LaunchScreen.storyboard */,
				D9B8EFD127585F4200FE9905 /* Info.plist */,
				D9B8EFC927585F4100FE9905 /* SurpriseMeal.xcdatamodeld */,
				D9B8EFF32758602A00FE9905 /* RestaurantTableViewController.swift */,
				D9B8EFF5275860D500FE9905 /* AddRestaurantViewController.swift */,
				D9B8EFF7275861CC00FE9905 /* SurpriseViewController.swift */,
				D9B8EFF92758638100FE9905 /* SummaryViewController.swift */,
				D9B8EFFB2758642600FE9905 /* Restaurant.swift */,
				D9B8EFFD2758644700FE9905 /* RestaurantsController.swift */,
			);
			path = SurpriseMeal;
			sourceTree = "<group>";
		};
		D9B8EFD927585F4200FE9905 /* SurpriseMealTests */ = {
			isa = PBXGroup;
			children = (
				D9B8EFDA27585F4200FE9905 /* SurpriseMealTests.swift */,
			);
			path = SurpriseMealTests;
			sourceTree = "<group>";
		};
		D9B8EFE327585F4200FE9905 /* SurpriseMealUITests */ = {
			isa = PBXGroup;
			children = (
				D9B8EFE427585F4200FE9905 /* SurpriseMealUITests.swift */,
				D9B8EFE627585F4200FE9905 /* SurpriseMealUITestsLaunchTests.swift */,
			);
			path = SurpriseMealUITests;
			sourceTree = "<group>";
		};
/* End PBXGroup section */

/* Begin PBXNativeTarget section */
		D9B8EFBC27585F4100FE9905 /* SurpriseMeal */ = {
			isa = PBXNativeTarget;
			buildConfigurationList = D9B8EFEA27585F4200FE9905 /* Build configuration list for PBXNativeTarget "SurpriseMeal" */;
			buildPhases = (
				D9B8EFB927585F4100FE9905 /* Sources */,
				D9B8EFBA27585F4100FE9905 /* Frameworks */,
				D9B8EFBB27585F4100FE9905 /* Resources */,
			);
			buildRules = (
			);
			dependencies = (
			);
			name = SurpriseMeal;
			productName = SurpriseMeal;
			productReference = D9B8EFBD27585F4100FE9905 /* SurpriseMeal.app */;
			productType = "com.apple.product-type.application";
		};
		D9B8EFD527585F4200FE9905 /* SurpriseMealTests */ = {
			isa = PBXNativeTarget;
			buildConfigurationList = D9B8EFED27585F4200FE9905 /* Build configuration list for PBXNativeTarget "SurpriseMealTests" */;
			buildPhases = (
				D9B8EFD227585F4200FE9905 /* Sources */,
				D9B8EFD327585F4200FE9905 /* Frameworks */,
				D9B8EFD427585F4200FE9905 /* Resources */,
			);
			buildRules = (
			);
			dependencies = (
				D9B8EFD827585F4200FE9905 /* PBXTargetDependency */,
			);
			name = SurpriseMealTests;
			productName = SurpriseMealTests;
			productReference = D9B8EFD627585F4200FE9905 /* SurpriseMealTests.xctest */;
			productType = "com.apple.product-type.bundle.unit-test";
		};
		D9B8EFDF27585F4200FE9905 /* SurpriseMealUITests */ = {
			isa = PBXNativeTarget;
			buildConfigurationList = D9B8EFF027585F4200FE9905 /* Build configuration list for PBXNativeTarget "SurpriseMealUITests" */;
			buildPhases = (
				D9B8EFDC27585F4200FE9905 /* Sources */,
				D9B8EFDD27585F4200FE9905 /* Frameworks */,
				D9B8EFDE27585F4200FE9905 /* Resources */,
			);
			buildRules = (
			);
			dependencies = (
				D9B8EFE227585F4200FE9905 /* PBXTargetDependency */,
			);
			name = SurpriseMealUITests;
			productName = SurpriseMealUITests;
			productReference = D9B8EFE027585F4200FE9905 /* SurpriseMealUITests.xctest */;
			productType = "com.apple.product-type.bundle.ui-testing";
		};
/* End PBXNativeTarget section */

/* Begin PBXProject section */
		D9B8EFB527585F4100FE9905 /* Project object */ = {
			isa = PBXProject;
			attributes = {
				BuildIndependentTargetsInParallel = 1;
				LastSwiftUpdateCheck = 1300;
				LastUpgradeCheck = 1300;
				TargetAttributes = {
					D9B8EFBC27585F4100FE9905 = {
						CreatedOnToolsVersion = 13.0;
					};
					D9B8EFD527585F4200FE9905 = {
						CreatedOnToolsVersion = 13.0;
						TestTargetID = D9B8EFBC27585F4100FE9905;
					};
					D9B8EFDF27585F4200FE9905 = {
						CreatedOnToolsVersion = 13.0;
						TestTargetID = D9B8EFBC27585F4100FE9905;
					};
				};
			};
			buildConfigurationList = D9B8EFB827585F4100FE9905 /* Build configuration list for PBXProject "SurpriseMeal" */;
			compatibilityVersion = "Xcode 13.0";
			developmentRegion = en;
			hasScannedForEncodings = 0;
			knownRegions = (
				en,
				Base,
			);
			mainGroup = D9B8EFB427585F4100FE9905;
			productRefGroup = D9B8EFBE27585F4100FE9905 /* Products */;
			projectDirPath = "";
			projectRoot = "";
			targets = (
				D9B8EFBC27585F4100FE9905 /* SurpriseMeal */,
				D9B8EFD527585F4200FE9905 /* SurpriseMealTests */,
				D9B8EFDF27585F4200FE9905 /* SurpriseMealUITests */,
			);
		};
/* End PBXProject section */

/* Begin PBXResourcesBuildPhase section */
		D9B8EFBB27585F4100FE9905 /* Resources */ = {
			isa = PBXResourcesBuildPhase;
			buildActionMask = 2147483647;
			files = (
				D9B8EFD027585F4200FE9905 /* LaunchScreen.storyboard in Resources */,
				D9B8EFCD27585F4200FE9905 /* Assets.xcassets in Resources */,
				D9B8EFC827585F4100FE9905 /* Main.storyboard in Resources */,
			);
			runOnlyForDeploymentPostprocessing = 0;
		};
		D9B8EFD427585F4200FE9905 /* Resources */ = {
			isa = PBXResourcesBuildPhase;
			buildActionMask = 2147483647;
			files = (
			);
			runOnlyForDeploymentPostprocessing = 0;
		};
		D9B8EFDE27585F4200FE9905 /* Resources */ = {
			isa = PBXResourcesBuildPhase;
			buildActionMask = 2147483647;
			files = (
			);
			runOnlyForDeploymentPostprocessing = 0;
		};
/* End PBXResourcesBuildPhase section */

/* Begin PBXSourcesBuildPhase section */
		D9B8EFB927585F4100FE9905 /* Sources */ = {
			isa = PBXSourcesBuildPhase;
			buildActionMask = 2147483647;
			files = (
				D9B8EFCB27585F4100FE9905 /* SurpriseMeal.xcdatamodeld in Sources */,
				D9B8EFFE2758644700FE9905 /* RestaurantsController.swift in Sources */,
				D9B8EFF42758602A00FE9905 /* RestaurantTableViewController.swift in Sources */,
				D9B8EFFA2758638100FE9905 /* SummaryViewController.swift in Sources */,
				D9B8EFF8275861CC00FE9905 /* SurpriseViewController.swift in Sources */,
				D9B8EFC127585F4100FE9905 /* AppDelegate.swift in Sources */,
				D9B8EFC327585F4100FE9905 /* SceneDelegate.swift in Sources */,
				D9B8EFF6275860D500FE9905 /* AddRestaurantViewController.swift in Sources */,
				D9B8EFFC2758642600FE9905 /* Restaurant.swift in Sources */,
			);
			runOnlyForDeploymentPostprocessing = 0;
		};
		D9B8EFD227585F4200FE9905 /* Sources */ = {
			isa = PBXSourcesBuildPhase;
			buildActionMask = 2147483647;
			files = (
				D9B8EFDB27585F4200FE9905 /* SurpriseMealTests.swift in Sources */,
			);
			runOnlyForDeploymentPostprocessing = 0;
		};
		D9B8EFDC27585F4200FE9905 /* Sources */ = {
			isa = PBXSourcesBuildPhase;
			buildActionMask = 2147483647;
			files = (
				D9B8EFE727585F4200FE9905 /* SurpriseMealUITestsLaunchTests.swift in Sources */,
				D9B8EFE527585F4200FE9905 /* SurpriseMealUITests.swift in Sources */,
			);
			runOnlyForDeploymentPostprocessing = 0;
		};
/* End PBXSourcesBuildPhase section */

/* Begin PBXTargetDependency section */
		D9B8EFD827585F4200FE9905 /* PBXTargetDependency */ = {
			isa = PBXTargetDependency;
			target = D9B8EFBC27585F4100FE9905 /* SurpriseMeal */;
			targetProxy = D9B8EFD727585F4200FE9905 /* PBXContainerItemProxy */;
		};
		D9B8EFE227585F4200FE9905 /* PBXTargetDependency */ = {
			isa = PBXTargetDependency;
			target = D9B8EFBC27585F4100FE9905 /* SurpriseMeal */;
			targetProxy = D9B8EFE127585F4200FE9905 /* PBXContainerItemProxy */;
		};
/* End PBXTargetDependency section */

/* Begin PBXVariantGroup section */
		D9B8EFC627585F4100FE9905 /* Main.storyboard */ = {
			isa = PBXVariantGroup;
			children = (
				D9B8EFC727585F4100FE9905 /* Base */,
			);
			name = Main.storyboard;
			sourceTree = "<group>";
		};
		D9B8EFCE27585F4200FE9905 /* LaunchScreen.storyboard */ = {
			isa = PBXVariantGroup;
			children = (
				D9B8EFCF27585F4200FE9905 /* Base */,
			);
			name = LaunchScreen.storyboard;
			sourceTree = "<group>";
		};
/* End PBXVariantGroup section */

/* Begin XCBuildConfiguration section */
		D9B8EFE827585F4200FE9905 /* Debug */ = {
			isa = XCBuildConfiguration;
			buildSettings = {
				ALWAYS_SEARCH_USER_PATHS = NO;
				CLANG_ANALYZER_NONNULL = YES;
				CLANG_ANALYZER_NUMBER_OBJECT_CONVERSION = YES_AGGRESSIVE;
				CLANG_CXX_LANGUAGE_STANDARD = "gnu++17";
				CLANG_CXX_LIBRARY = "libc++";
				CLANG_ENABLE_MODULES = YES;
				CLANG_ENABLE_OBJC_ARC = YES;
				CLANG_ENABLE_OBJC_WEAK = YES;
				CLANG_WARN_BLOCK_CAPTURE_AUTORELEASING = YES;
				CLANG_WARN_BOOL_CONVERSION = YES;
				CLANG_WARN_COMMA = YES;
				CLANG_WARN_CONSTANT_CONVERSION = YES;
				CLANG_WARN_DEPRECATED_OBJC_IMPLEMENTATIONS = YES;
				CLANG_WARN_DIRECT_OBJC_ISA_USAGE = YES_ERROR;
				CLANG_WARN_DOCUMENTATION_COMMENTS = YES;
				CLANG_WARN_EMPTY_BODY = YES;
				CLANG_WARN_ENUM_CONVERSION = YES;
				CLANG_WARN_INFINITE_RECURSION = YES;
				CLANG_WARN_INT_CONVERSION = YES;
				CLANG_WARN_NON_LITERAL_NULL_CONVERSION = YES;
				CLANG_WARN_OBJC_IMPLICIT_RETAIN_SELF = YES;
				CLANG_WARN_OBJC_LITERAL_CONVERSION = YES;
				CLANG_WARN_OBJC_ROOT_CLASS = YES_ERROR;
				CLANG_WARN_QUOTED_INCLUDE_IN_FRAMEWORK_HEADER = YES;
				CLANG_WARN_RANGE_LOOP_ANALYSIS = YES;
				CLANG_WARN_STRICT_PROTOTYPES = YES;
				CLANG_WARN_SUSPICIOUS_MOVE = YES;
				CLANG_WARN_UNGUARDED_AVAILABILITY = YES_AGGRESSIVE;
				CLANG_WARN_UNREACHABLE_CODE = YES;
				CLANG_WARN__DUPLICATE_METHOD_MATCH = YES;
				COPY_PHASE_STRIP = NO;
				DEBUG_INFORMATION_FORMAT = dwarf;
				ENABLE_STRICT_OBJC_MSGSEND = YES;
				ENABLE_TESTABILITY = YES;
				GCC_C_LANGUAGE_STANDARD = gnu11;
				GCC_DYNAMIC_NO_PIC = NO;
				GCC_NO_COMMON_BLOCKS = YES;
				GCC_OPTIMIZATION_LEVEL = 0;
				GCC_PREPROCESSOR_DEFINITIONS = (
					"DEBUG=1",
					"$(inherited)",
				);
				GCC_WARN_64_TO_32_BIT_CONVERSION = YES;
				GCC_WARN_ABOUT_RETURN_TYPE = YES_ERROR;
				GCC_WARN_UNDECLARED_SELECTOR = YES;
				GCC_WARN_UNINITIALIZED_AUTOS = YES_AGGRESSIVE;
				GCC_WARN_UNUSED_FUNCTION = YES;
				GCC_WARN_UNUSED_VARIABLE = YES;
				IPHONEOS_DEPLOYMENT_TARGET = 15.0;
				MTL_ENABLE_DEBUG_INFO = INCLUDE_SOURCE;
				MTL_FAST_MATH = YES;
				ONLY_ACTIVE_ARCH = YES;
				SDKROOT = iphoneos;
				SWIFT_ACTIVE_COMPILATION_CONDITIONS = DEBUG;
				SWIFT_OPTIMIZATION_LEVEL = "-Onone";
			};
			name = Debug;
		};
		D9B8EFE927585F4200FE9905 /* Release */ = {
			isa = XCBuildConfiguration;
			buildSettings = {
				ALWAYS_SEARCH_USER_PATHS = NO;
				CLANG_ANALYZER_NONNULL = YES;
				CLANG_ANALYZER_NUMBER_OBJECT_CONVERSION = YES_AGGRESSIVE;
				CLANG_CXX_LANGUAGE_STANDARD = "gnu++17";
				CLANG_CXX_LIBRARY = "libc++";
				CLANG_ENABLE_MODULES = YES;
				CLANG_ENABLE_OBJC_ARC = YES;
				CLANG_ENABLE_OBJC_WEAK = YES;
				CLANG_WARN_BLOCK_CAPTURE_AUTORELEASING = YES;
				CLANG_WARN_BOOL_CONVERSION = YES;
				CLANG_WARN_COMMA = YES;
				CLANG_WARN_CONSTANT_CONVERSION = YES;
				CLANG_WARN_DEPRECATED_OBJC_IMPLEMENTATIONS = YES;
				CLANG_WARN_DIRECT_OBJC_ISA_USAGE = YES_ERROR;
				CLANG_WARN_DOCUMENTATION_COMMENTS = YES;
				CLANG_WARN_EMPTY_BODY = YES;
				CLANG_WARN_ENUM_CONVERSION = YES;
				CLANG_WARN_INFINITE_RECURSION = YES;
				CLANG_WARN_INT_CONVERSION = YES;
				CLANG_WARN_NON_LITERAL_NULL_CONVERSION = YES;
				CLANG_WARN_OBJC_IMPLICIT_RETAIN_SELF = YES;
				CLANG_WARN_OBJC_LITERAL_CONVERSION = YES;
				CLANG_WARN_OBJC_ROOT_CLASS = YES_ERROR;
				CLANG_WARN_QUOTED_INCLUDE_IN_FRAMEWORK_HEADER = YES;
				CLANG_WARN_RANGE_LOOP_ANALYSIS = YES;
				CLANG_WARN_STRICT_PROTOTYPES = YES;
				CLANG_WARN_SUSPICIOUS_MOVE = YES;
				CLANG_WARN_UNGUARDED_AVAILABILITY = YES_AGGRESSIVE;
				CLANG_WARN_UNREACHABLE_CODE = YES;
				CLANG_WARN__DUPLICATE_METHOD_MATCH = YES;
				COPY_PHASE_STRIP = NO;
				DEBUG_INFORMATION_FORMAT = "dwarf-with-dsym";
				ENABLE_NS_ASSERTIONS = NO;
				ENABLE_STRICT_OBJC_MSGSEND = YES;
				GCC_C_LANGUAGE_STANDARD = gnu11;
				GCC_NO_COMMON_BLOCKS = YES;
				GCC_WARN_64_TO_32_BIT_CONVERSION = YES;
				GCC_WARN_ABOUT_RETURN_TYPE = YES_ERROR;
				GCC_WARN_UNDECLARED_SELECTOR = YES;
				GCC_WARN_UNINITIALIZED_AUTOS = YES_AGGRESSIVE;
				GCC_WARN_UNUSED_FUNCTION = YES;
				GCC_WARN_UNUSED_VARIABLE = YES;
				IPHONEOS_DEPLOYMENT_TARGET = 15.0;
				MTL_ENABLE_DEBUG_INFO = NO;
				MTL_FAST_MATH = YES;
				SDKROOT = iphoneos;
				SWIFT_COMPILATION_MODE = wholemodule;
				SWIFT_OPTIMIZATION_LEVEL = "-O";
				VALIDATE_PRODUCT = YES;
			};
			name = Release;
		};
		D9B8EFEB27585F4200FE9905 /* Debug */ = {
			isa = XCBuildConfiguration;
			buildSettings = {
				ASSETCATALOG_COMPILER_APPICON_NAME = AppIcon;
				ASSETCATALOG_COMPILER_GLOBAL_ACCENT_COLOR_NAME = AccentColor;
				CODE_SIGN_STYLE = Automatic;
				CURRENT_PROJECT_VERSION = 1;
				GENERATE_INFOPLIST_FILE = YES;
				INFOPLIST_FILE = SurpriseMeal/Info.plist;
				INFOPLIST_KEY_UIApplicationSupportsIndirectInputEvents = YES;
				INFOPLIST_KEY_UILaunchStoryboardName = LaunchScreen;
				INFOPLIST_KEY_UIMainStoryboardFile = Main;
				INFOPLIST_KEY_UISupportedInterfaceOrientations_iPad = "UIInterfaceOrientationPortrait UIInterfaceOrientationPortraitUpsideDown UIInterfaceOrientationLandscapeLeft UIInterfaceOrientationLandscapeRight";
				INFOPLIST_KEY_UISupportedInterfaceOrientations_iPhone = "UIInterfaceOrientationPortrait UIInterfaceOrientationLandscapeLeft UIInterfaceOrientationLandscapeRight";
				LD_RUNPATH_SEARCH_PATHS = (
					"$(inherited)",
					"@executable_path/Frameworks",
				);
				MARKETING_VERSION = 1.0;
				PRODUCT_BUNDLE_IDENTIFIER = edu.self.SurpriseMeal;
				PRODUCT_NAME = "$(TARGET_NAME)";
				SWIFT_EMIT_LOC_STRINGS = YES;
				SWIFT_VERSION = 5.0;
				TARGETED_DEVICE_FAMILY = "1,2";
			};
			name = Debug;
		};
		D9B8EFEC27585F4200FE9905 /* Release */ = {
			isa = XCBuildConfiguration;
			buildSettings = {
				ASSETCATALOG_COMPILER_APPICON_NAME = AppIcon;
				ASSETCATALOG_COMPILER_GLOBAL_ACCENT_COLOR_NAME = AccentColor;
				CODE_SIGN_STYLE = Automatic;
				CURRENT_PROJECT_VERSION = 1;
				GENERATE_INFOPLIST_FILE = YES;
				INFOPLIST_FILE = SurpriseMeal/Info.plist;
				INFOPLIST_KEY_UIApplicationSupportsIndirectInputEvents = YES;
				INFOPLIST_KEY_UILaunchStoryboardName = LaunchScreen;
				INFOPLIST_KEY_UIMainStoryboardFile = Main;
				INFOPLIST_KEY_UISupportedInterfaceOrientations_iPad = "UIInterfaceOrientationPortrait UIInterfaceOrientationPortraitUpsideDown UIInterfaceOrientationLandscapeLeft UIInterfaceOrientationLandscapeRight";
				INFOPLIST_KEY_UISupportedInterfaceOrientations_iPhone = "UIInterfaceOrientationPortrait UIInterfaceOrientationLandscapeLeft UIInterfaceOrientationLandscapeRight";
				LD_RUNPATH_SEARCH_PATHS = (
					"$(inherited)",
					"@executable_path/Frameworks",
				);
				MARKETING_VERSION = 1.0;
				PRODUCT_BUNDLE_IDENTIFIER = edu.self.SurpriseMeal;
				PRODUCT_NAME = "$(TARGET_NAME)";
				SWIFT_EMIT_LOC_STRINGS = YES;
				SWIFT_VERSION = 5.0;
				TARGETED_DEVICE_FAMILY = "1,2";
			};
			name = Release;
		};
		D9B8EFEE27585F4200FE9905 /* Debug */ = {
			isa = XCBuildConfiguration;
			buildSettings = {
				ALWAYS_EMBED_SWIFT_STANDARD_LIBRARIES = YES;
				BUNDLE_LOADER = "$(TEST_HOST)";
				CODE_SIGN_STYLE = Automatic;
				CURRENT_PROJECT_VERSION = 1;
				GENERATE_INFOPLIST_FILE = YES;
				IPHONEOS_DEPLOYMENT_TARGET = 15.0;
				LD_RUNPATH_SEARCH_PATHS = (
					"$(inherited)",
					"@executable_path/Frameworks",
					"@loader_path/Frameworks",
				);
				MARKETING_VERSION = 1.0;
				PRODUCT_BUNDLE_IDENTIFIER = edu.self.SurpriseMealTests;
				PRODUCT_NAME = "$(TARGET_NAME)";
				SWIFT_EMIT_LOC_STRINGS = NO;
				SWIFT_VERSION = 5.0;
				TARGETED_DEVICE_FAMILY = "1,2";
				TEST_HOST = "$(BUILT_PRODUCTS_DIR)/SurpriseMeal.app/SurpriseMeal";
			};
			name = Debug;
		};
		D9B8EFEF27585F4200FE9905 /* Release */ = {
			isa = XCBuildConfiguration;
			buildSettings = {
				ALWAYS_EMBED_SWIFT_STANDARD_LIBRARIES = YES;
				BUNDLE_LOADER = "$(TEST_HOST)";
				CODE_SIGN_STYLE = Automatic;
				CURRENT_PROJECT_VERSION = 1;
				GENERATE_INFOPLIST_FILE = YES;
				IPHONEOS_DEPLOYMENT_TARGET = 15.0;
				LD_RUNPATH_SEARCH_PATHS = (
					"$(inherited)",
					"@executable_path/Frameworks",
					"@loader_path/Frameworks",
				);
				MARKETING_VERSION = 1.0;
				PRODUCT_BUNDLE_IDENTIFIER = edu.self.SurpriseMealTests;
				PRODUCT_NAME = "$(TARGET_NAME)";
				SWIFT_EMIT_LOC_STRINGS = NO;
				SWIFT_VERSION = 5.0;
				TARGETED_DEVICE_FAMILY = "1,2";
				TEST_HOST = "$(BUILT_PRODUCTS_DIR)/SurpriseMeal.app/SurpriseMeal";
			};
			name = Release;
		};
		D9B8EFF127585F4200FE9905 /* Debug */ = {
			isa = XCBuildConfiguration;
			buildSettings = {
				ALWAYS_EMBED_SWIFT_STANDARD_LIBRARIES = YES;
				CODE_SIGN_STYLE = Automatic;
				CURRENT_PROJECT_VERSION = 1;
				GENERATE_INFOPLIST_FILE = YES;
				LD_RUNPATH_SEARCH_PATHS = (
					"$(inherited)",
					"@executable_path/Frameworks",
					"@loader_path/Frameworks",
				);
				MARKETING_VERSION = 1.0;
				PRODUCT_BUNDLE_IDENTIFIER = edu.self.SurpriseMealUITests;
				PRODUCT_NAME = "$(TARGET_NAME)";
				SWIFT_EMIT_LOC_STRINGS = NO;
				SWIFT_VERSION = 5.0;
				TARGETED_DEVICE_FAMILY = "1,2";
				TEST_TARGET_NAME = SurpriseMeal;
			};
			name = Debug;
		};
		D9B8EFF227585F4200FE9905 /* Release */ = {
			isa = XCBuildConfiguration;
			buildSettings = {
				ALWAYS_EMBED_SWIFT_STANDARD_LIBRARIES = YES;
				CODE_SIGN_STYLE = Automatic;
				CURRENT_PROJECT_VERSION = 1;
				GENERATE_INFOPLIST_FILE = YES;
				LD_RUNPATH_SEARCH_PATHS = (
					"$(inherited)",
					"@executable_path/Frameworks",
					"@loader_path/Frameworks",
				);
				MARKETING_VERSION = 1.0;
				PRODUCT_BUNDLE_IDENTIFIER = edu.self.SurpriseMealUITests;
				PRODUCT_NAME = "$(TARGET_NAME)";
				SWIFT_EMIT_LOC_STRINGS = NO;
				SWIFT_VERSION = 5.0;
				TARGETED_DEVICE_FAMILY = "1,2";
				TEST_TARGET_NAME = SurpriseMeal;
			};
			name = Release;
		};
/* End XCBuildConfiguration section */

/* Begin XCConfigurationList section */
		D9B8EFB827585F4100FE9905 /* Build configuration list for PBXProject "SurpriseMeal" */ = {
			isa = XCConfigurationList;
			buildConfigurations = (
				D9B8EFE827585F4200FE9905 /* Debug */,
				D9B8EFE927585F4200FE9905 /* Release */,
			);
			defaultConfigurationIsVisible = 0;
			defaultConfigurationName = Release;
		};
		D9B8EFEA27585F4200FE9905 /* Build configuration list for PBXNativeTarget "SurpriseMeal" */ = {
			isa = XCConfigurationList;
			buildConfigurations = (
				D9B8EFEB27585F4200FE9905 /* Debug */,
				D9B8EFEC27585F4200FE9905 /* Release */,
			);
			defaultConfigurationIsVisible = 0;
			defaultConfigurationName = Release;
		};
		D9B8EFED27585F4200FE9905 /* Build configuration list for PBXNativeTarget "SurpriseMealTests" */ = {
			isa = XCConfigurationList;
			buildConfigurations = (
				D9B8EFEE27585F4200FE9905 /* Debug */,
				D9B8EFEF27585F4200FE9905 /* Release */,
			);
			defaultConfigurationIsVisible = 0;
			defaultConfigurationName = Release;
		};
		D9B8EFF027585F4200FE9905 /* Build configuration list for PBXNativeTarget "SurpriseMealUITests" */ = {
			isa = XCConfigurationList;
			buildConfigurations = (
				D9B8EFF127585F4200FE9905 /* Debug */,
				D9B8EFF227585F4200FE9905 /* Release */,
			);
			defaultConfigurationIsVisible = 0;
			defaultConfigurationName = Release;
		};
/* End XCConfigurationList section */

/* Begin XCVersionGroup section */
		D9B8EFC927585F4100FE9905 /* SurpriseMeal.xcdatamodeld */ = {
			isa = XCVersionGroup;
			children = (
				D9B8EFCA27585F4100FE9905 /* SurpriseMeal.xcdatamodel */,
			);
			currentVersion = D9B8EFCA27585F4100FE9905 /* SurpriseMeal.xcdatamodel */;
			path = SurpriseMeal.xcdatamodeld;
			sourceTree = "<group>";
			versionGroupType = wrapper.xcdatamodel;
		};
/* End XCVersionGroup section */
	};
	rootObject = D9B8EFB527585F4100FE9905 /* Project object */;
}
